
Microsoft Visual Studio Solution File, Format Version 12.00
# Visual Studio Version 17
VisualStudioVersion = 17.4.33213.308
MinimumVisualStudioVersion = 10.0.40219.1
Project("{FAE04EC0-301F-11D3-BF4B-00C04F79EFBC}") = "LetterMerge", "LetterMerge\LetterMerge.csproj", "{82B69EF0-7EB8-4C7A-985C-0168B2E03CBF}"
EndProject
Project("{FAE04EC0-301F-11D3-BF4B-00C04F79EFBC}") = "TestProject", "TestProject\TestProject.csproj", "{DA49727F-0423-4F41-9509-444E31CB4434}"
EndProject
Global
	GlobalSection(SolutionConfigurationPlatforms) = preSolution
		Debug|Any CPU = Debug|Any CPU
		Release|Any CPU = Release|Any CPU
	EndGlobalSection
	GlobalSection(ProjectConfigurationPlatforms) = postSolution
		{82B69EF0-7EB8-4C7A-985C-0168B2E03CBF}.Debug|Any CPU.ActiveCfg = Debug|Any CPU
		{82B69EF0-7EB8-4C7A-985C-0168B2E03CBF}.Debug|Any CPU.Build.0 = Debug|Any CPU
		{82B69EF0-7EB8-4C7A-985C-0168B2E03CBF}.Release|Any CPU.ActiveCfg = Release|Any CPU
		{82B69EF0-7EB8-4C7A-985C-0168B2E03CBF}.Release|Any CPU.Build.0 = Release|Any CPU
		{DA49727F-0423-4F41-9509-444E31CB4434}.Debug|Any CPU.ActiveCfg = Debug|Any CPU
		{DA49727F-0423-4F41-9509-444E31CB4434}.Debug|Any CPU.Build.0 = Debug|Any CPU
		{DA49727F-0423-4F41-9509-444E31CB4434}.Release|Any CPU.ActiveCfg = Release|Any CPU
		{DA49727F-0423-4F41-9509-444E31CB4434}.Release|Any CPU.Build.0 = Release|Any CPU
	EndGlobalSection
	GlobalSection(SolutionProperties) = preSolution
		HideSolutionNode = FALSE
	EndGlobalSection
	GlobalSection(ExtensibilityGlobals) = postSolution
		SolutionGuid = {06A0A3F5-6D35-492A-A165-7A92EE8519B5}
	EndGlobalSection
EndGlobal
